
Microsoft Visual Studio Solution File, Format Version 12.00
# Visual Studio 15
VisualStudioVersion = 15.0.28307.1062
MinimumVisualStudioVersion = 10.0.40219.1
Project("{FAE04EC0-301F-11D3-BF4B-00C04F79EFBC}") = "ControllerExtensibility", "ControllerExtensibility\ControllerExtensibility.csproj", "{E51FEBCD-666D-4784-8D06-F7353CD555AD}"
EndProject
Global
	GlobalSection(SolutionConfigurationPlatforms) = preSolution
		Debug|Any CPU = Debug|Any CPU
		Release|Any CPU = Release|Any CPU
	EndGlobalSection
	GlobalSection(ProjectConfigurationPlatforms) = postSolution
		{E51FEBCD-666D-4784-8D06-F7353CD555AD}.Debug|Any CPU.ActiveCfg = Debug|Any CPU
		{E51FEBCD-666D-4784-8D06-F7353CD555AD}.Debug|Any CPU.Build.0 = Debug|Any CPU
		{E51FEBCD-666D-4784-8D06-F7353CD555AD}.Release|Any CPU.ActiveCfg = Release|Any CPU
		{E51FEBCD-666D-4784-8D06-F7353CD555AD}.Release|Any CPU.Build.0 = Release|Any CPU
	EndGlobalSection
	GlobalSection(SolutionProperties) = preSolution
		HideSolutionNode = FALSE
	EndGlobalSection
	GlobalSection(ExtensibilityGlobals) = postSolution
		SolutionGuid = {9752D662-69BA-4B88-A368-498D90E125B1}
	EndGlobalSection
EndGlobal
